// !$*UTF8*$!
{
	archiveVersion = 1;
	classes = {
	};
	objectVersion = 46;
	objects = {

/* Begin PBXBuildFile section */
		370DD8F41B2025B000B952A2 /* AppDelegate.swift in Sources */ = {isa = PBXBuildFile; fileRef = 370DD8F31B2025B000B952A2 /* AppDelegate.swift */; };
		370DD8F61B2025B000B952A2 /* ViewController.swift in Sources */ = {isa = PBXBuildFile; fileRef = 370DD8F51B2025B000B952A2 /* ViewController.swift */; };
		370DD8F91B2025B000B952A2 /* Main.storyboard in Resources */ = {isa = PBXBuildFile; fileRef = 370DD8F71B2025B000B952A2 /* Main.storyboard */; };
		370DD8FB1B2025B000B952A2 /* Images.xcassets in Resources */ = {isa = PBXBuildFile; fileRef = 370DD8FA1B2025B000B952A2 /* Images.xcassets */; };
		370DD8FE1B2025B000B952A2 /* LaunchScreen.xib in Resources */ = {isa = PBXBuildFile; fileRef = 370DD8FC1B2025B000B952A2 /* LaunchScreen.xib */; };
		370DD90A1B2025B000B952A2 /* _9RedBallonsTests.swift in Sources */ = {isa = PBXBuildFile; fileRef = 370DD9091B2025B000B952A2 /* _9RedBallonsTests.swift */; };
		37E432D21B215C7A00428740 /* BerlinTVTower.jpg in Resources */ = {isa = PBXBuildFile; fileRef = 37E432CD1B215C7A00428740 /* BerlinTVTower.jpg */; };
		37E432D31B215C7A00428740 /* RedBalloon1.jpg in Resources */ = {isa = PBXBuildFile; fileRef = 37E432CE1B215C7A00428740 /* RedBalloon1.jpg */; };
		37E432D41B215C7A00428740 /* RedBalloon2.jpg in Resources */ = {isa = PBXBuildFile; fileRef = 37E432CF1B215C7A00428740 /* RedBalloon2.jpg */; };
		37E432D51B215C7A00428740 /* RedBalloon3.jpg in Resources */ = {isa = PBXBuildFile; fileRef = 37E432D01B215C7A00428740 /* RedBalloon3.jpg */; };
		37E432D61B215C7A00428740 /* RedBalloon4.jpg in Resources */ = {isa = PBXBuildFile; fileRef = 37E432D11B215C7A00428740 /* RedBalloon4.jpg */; };
		37E432D81B215EFC00428740 /* Balloon.swift in Sources */ = {isa = PBXBuildFile; fileRef = 37E432D71B215EFC00428740 /* Balloon.swift */; };
/* End PBXBuildFile section */

/* Begin PBXContainerItemProxy section */
		370DD9041B2025B000B952A2 /* PBXContainerItemProxy */ = {
			isa = PBXContainerItemProxy;
			containerPortal = 370DD8E61B2025B000B952A2 /* Project object */;
			proxyType = 1;
			remoteGlobalIDString = 370DD8ED1B2025B000B952A2;
			remoteInfo = 99RedBallons;
		};
/* End PBXContainerItemProxy section */

/* Begin PBXFileReference section */
		370DD8EE1B2025B000B952A2 /* 99RedBallons.app */ = {isa = PBXFileReference; explicitFileType = wrapper.application; includeInIndex = 0; path = 99RedBallons.app; sourceTree = BUILT_PRODUCTS_DIR; };
		370DD8F21B2025B000B952A2 /* Info.plist */ = {isa = PBXFileReference; lastKnownFileType = text.plist.xml; path = Info.plist; sourceTree = "<group>"; };
		370DD8F31B2025B000B952A2 /* AppDelegate.swift */ = {isa = PBXFileReference; lastKnownFileType = sourcecode.swift; path = AppDelegate.swift; sourceTree = "<group>"; };
		370DD8F51B2025B000B952A2 /* ViewController.swift */ = {isa = PBXFileReference; lastKnownFileType = sourcecode.swift; path = ViewController.swift; sourceTree = "<group>"; };
		370DD8F81B2025B000B952A2 /* Base */ = {isa = PBXFileReference; lastKnownFileType = file.storyboard; name = Base; path = Base.lproj/Main.storyboard; sourceTree = "<group>"; };
		370DD8FA1B2025B000B952A2 /* Images.xcassets */ = {isa = PBXFileReference; lastKnownFileType = folder.assetcatalog; path = Images.xcassets; sourceTree = "<group>"; };
		370DD8FD1B2025B000B952A2 /* Base */ = {isa = PBXFileReference; lastKnownFileType = file.xib; name = Base; path = Base.lproj/LaunchScreen.xib; sourceTree = "<group>"; };
		370DD9031B2025B000B952A2 /* 99RedBallonsTests.xctest */ = {isa = PBXFileReference; explicitFileType = wrapper.cfbundle; includeInIndex = 0; path = 99RedBallonsTests.xctest; sourceTree = BUILT_PRODUCTS_DIR; };
		370DD9081B2025B000B952A2 /* Info.plist */ = {isa = PBXFileReference; lastKnownFileType = text.plist.xml; path = Info.plist; sourceTree = "<group>"; };
		370DD9091B2025B000B952A2 /* _9RedBallonsTests.swift */ = {isa = PBXFileReference; lastKnownFileType = sourcecode.swift; path = _9RedBallonsTests.swift; sourceTree = "<group>"; };
		37E432CD1B215C7A00428740 /* BerlinTVTower.jpg */ = {isa = PBXFileReference; lastKnownFileType = image.jpeg; path = BerlinTVTower.jpg; sourceTree = "<group>"; };
		37E432CE1B215C7A00428740 /* RedBalloon1.jpg */ = {isa = PBXFileReference; lastKnownFileType = image.jpeg; path = RedBalloon1.jpg; sourceTree = "<group>"; };
		37E432CF1B215C7A00428740 /* RedBalloon2.jpg */ = {isa = PBXFileReference; lastKnownFileType = image.jpeg; path = RedBalloon2.jpg; sourceTree = "<group>"; };
		37E432D01B215C7A00428740 /* RedBalloon3.jpg */ = {isa = PBXFileReference; lastKnownFileType = image.jpeg; path = RedBalloon3.jpg; sourceTree = "<group>"; };
		37E432D11B215C7A00428740 /* RedBalloon4.jpg */ = {isa = PBXFileReference; lastKnownFileType = image.jpeg; path = RedBalloon4.jpg; sourceTree = "<group>"; };
		37E432D71B215EFC00428740 /* Balloon.swift */ = {isa = PBXFileReference; fileEncoding = 4; lastKnownFileType = sourcecode.swift; path = Balloon.swift; sourceTree = "<group>"; };
/* End PBXFileReference section */

/* Begin PBXFrameworksBuildPhase section */
		370DD8EB1B2025B000B952A2 /* Frameworks */ = {
			isa = PBXFrameworksBuildPhase;
			buildActionMask = 2147483647;
			files = (
			);
			runOnlyForDeploymentPostprocessing = 0;
		};
		370DD9001B2025B000B952A2 /* Frameworks */ = {
			isa = PBXFrameworksBuildPhase;
			buildActionMask = 2147483647;
			files = (
			);
			runOnlyForDeploymentPostprocessing = 0;
		};
/* End PBXFrameworksBuildPhase section */

/* Begin PBXGroup section */
		370DD8E51B2025B000B952A2 = {
			isa = PBXGroup;
			children = (
				370DD8F01B2025B000B952A2 /* 99RedBallons */,
				370DD9061B2025B000B952A2 /* 99RedBallonsTests */,
				370DD8EF1B2025B000B952A2 /* Products */,
			);
			sourceTree = "<group>";
		};
		370DD8EF1B2025B000B952A2 /* Products */ = {
			isa = PBXGroup;
			children = (
				370DD8EE1B2025B000B952A2 /* 99RedBallons.app */,
				370DD9031B2025B000B952A2 /* 99RedBallonsTests.xctest */,
			);
			name = Products;
			sourceTree = "<group>";
		};
		370DD8F01B2025B000B952A2 /* 99RedBallons */ = {
			isa = PBXGroup;
			children = (
				370DD8F31B2025B000B952A2 /* AppDelegate.swift */,
				37E432D71B215EFC00428740 /* Balloon.swift */,
				370DD8F51B2025B000B952A2 /* ViewController.swift */,
				370DD8F71B2025B000B952A2 /* Main.storyboard */,
				370DD8FA1B2025B000B952A2 /* Images.xcassets */,
				370DD8FC1B2025B000B952A2 /* LaunchScreen.xib */,
				370DD8F11B2025B000B952A2 /* Supporting Files */,
			);
			path = 99RedBallons;
			sourceTree = "<group>";
		};
		370DD8F11B2025B000B952A2 /* Supporting Files */ = {
			isa = PBXGroup;
			children = (
				37E432CD1B215C7A00428740 /* BerlinTVTower.jpg */,
				37E432CE1B215C7A00428740 /* RedBalloon1.jpg */,
				37E432CF1B215C7A00428740 /* RedBalloon2.jpg */,
				37E432D01B215C7A00428740 /* RedBalloon3.jpg */,
				37E432D11B215C7A00428740 /* RedBalloon4.jpg */,
				370DD8F21B2025B000B952A2 /* Info.plist */,
			);
			name = "Supporting Files";
			sourceTree = "<group>";
		};
		370DD9061B2025B000B952A2 /* 99RedBallonsTests */ = {
			isa = PBXGroup;
			children = (
				370DD9091B2025B000B952A2 /* _9RedBallonsTests.swift */,
				370DD9071B2025B000B952A2 /* Supporting Files */,
			);
			path = 99RedBallonsTests;
			sourceTree = "<group>";
		};
		370DD9071B2025B000B952A2 /* Supporting Files */ = {
			isa = PBXGroup;
			children = (
				370DD9081B2025B000B952A2 /* Info.plist */,
			);
			name = "Supporting Files";
			sourceTree = "<group>";
		};
/* End PBXGroup section */

/* Begin PBXNativeTarget section */
		370DD8ED1B2025B000B952A2 /* 99RedBallons */ = {
			isa = PBXNativeTarget;
			buildConfigurationList = 370DD90D1B2025B000B952A2 /* Build configuration list for PBXNativeTarget "99RedBallons" */;
			buildPhases = (
				370DD8EA1B2025B000B952A2 /* Sources */,
				370DD8EB1B2025B000B952A2 /* Frameworks */,
				370DD8EC1B2025B000B952A2 /* Resources */,
			);
			buildRules = (
			);
			dependencies = (
			);
			name = 99RedBallons;
			productName = 99RedBallons;
			productReference = 370DD8EE1B2025B000B952A2 /* 99RedBallons.app */;
			productType = "com.apple.product-type.application";
		};
		370DD9021B2025B000B952A2 /* 99RedBallonsTests */ = {
			isa = PBXNativeTarget;
			buildConfigurationList = 370DD9101B2025B000B952A2 /* Build configuration list for PBXNativeTarget "99RedBallonsTests" */;
			buildPhases = (
				370DD8FF1B2025B000B952A2 /* Sources */,
				370DD9001B2025B000B952A2 /* Frameworks */,
				370DD9011B2025B000B952A2 /* Resources */,
			);
			buildRules = (
			);
			dependencies = (
				370DD9051B2025B000B952A2 /* PBXTargetDependency */,
			);
			name = 99RedBallonsTests;
			productName = 99RedBallonsTests;
			productReference = 370DD9031B2025B000B952A2 /* 99RedBallonsTests.xctest */;
			productType = "com.apple.product-type.bundle.unit-test";
		};
/* End PBXNativeTarget section */

/* Begin PBXProject section */
		370DD8E61B2025B000B952A2 /* Project object */ = {
			isa = PBXProject;
			attributes = {
				LastUpgradeCheck = 0630;
				ORGANIZATIONNAME = "Dan Bender";
				TargetAttributes = {
					370DD8ED1B2025B000B952A2 = {
						CreatedOnToolsVersion = 6.3.2;
					};
					370DD9021B2025B000B952A2 = {
						CreatedOnToolsVersion = 6.3.2;
						TestTargetID = 370DD8ED1B2025B000B952A2;
					};
				};
			};
			buildConfigurationList = 370DD8E91B2025B000B952A2 /* Build configuration list for PBXProject "99RedBallons" */;
			compatibilityVersion = "Xcode 3.2";
			developmentRegion = English;
			hasScannedForEncodings = 0;
			knownRegions = (
				en,
				Base,
			);
			mainGroup = 370DD8E51B2025B000B952A2;
			productRefGroup = 370DD8EF1B2025B000B952A2 /* Products */;
			projectDirPath = "";
			projectRoot = "";
			targets = (
				370DD8ED1B2025B000B952A2 /* 99RedBallons */,
				370DD9021B2025B000B952A2 /* 99RedBallonsTests */,
			);
		};
/* End PBXProject section */

/* Begin PBXResourcesBuildPhase section */
		370DD8EC1B2025B000B952A2 /* Resources */ = {
			isa = PBXResourcesBuildPhase;
			buildActionMask = 2147483647;
			files = (
				37E432D41B215C7A00428740 /* RedBalloon2.jpg in Resources */,
				370DD8F91B2025B000B952A2 /* Main.storyboard in Resources */,
				37E432D51B215C7A00428740 /* RedBalloon3.jpg in Resources */,
				370DD8FE1B2025B000B952A2 /* LaunchScreen.xib in Resources */,
				37E432D61B215C7A00428740 /* RedBalloon4.jpg in Resources */,
				370DD8FB1B2025B000B952A2 /* Images.xcassets in Resources */,
				37E432D31B215C7A00428740 /* RedBalloon1.jpg in Resources */,
				37E432D21B215C7A00428740 /* BerlinTVTower.jpg in Resources */,
			);
			runOnlyForDeploymentPostprocessing = 0;
		};
		370DD9011B2025B000B952A2 /* Resources */ = {
			isa = PBXResourcesBuildPhase;
			buildActionMask = 2147483647;
			files = (
			);
			runOnlyForDeploymentPostprocessing = 0;
		};
/* End PBXResourcesBuildPhase section */

/* Begin PBXSourcesBuildPhase section */
		370DD8EA1B2025B000B952A2 /* Sources */ = {
			isa = PBXSourcesBuildPhase;
			buildActionMask = 2147483647;
			files = (
				370DD8F61B2025B000B952A2 /* ViewController.swift in Sources */,
				37E432D81B215EFC00428740 /* Balloon.swift in Sources */,
				370DD8F41B2025B000B952A2 /* AppDelegate.swift in Sources */,
			);
			runOnlyForDeploymentPostprocessing = 0;
		};
		370DD8FF1B2025B000B952A2 /* Sources */ = {
			isa = PBXSourcesBuildPhase;
			buildActionMask = 2147483647;
			files = (
				370DD90A1B2025B000B952A2 /* _9RedBallonsTests.swift in Sources */,
			);
			runOnlyForDeploymentPostprocessing = 0;
		};
/* End PBXSourcesBuildPhase section */

/* Begin PBXTargetDependency section */
		370DD9051B2025B000B952A2 /* PBXTargetDependency */ = {
			isa = PBXTargetDependency;
			target = 370DD8ED1B2025B000B952A2 /* 99RedBallons */;
			targetProxy = 370DD9041B2025B000B952A2 /* PBXContainerItemProxy */;
		};
/* End PBXTargetDependency section */

/* Begin PBXVariantGroup section */
		370DD8F71B2025B000B952A2 /* Main.storyboard */ = {
			isa = PBXVariantGroup;
			children = (
				370DD8F81B2025B000B952A2 /* Base */,
			);
			name = Main.storyboard;
			sourceTree = "<group>";
		};
		370DD8FC1B2025B000B952A2 /* LaunchScreen.xib */ = {
			isa = PBXVariantGroup;
			children = (
				370DD8FD1B2025B000B952A2 /* Base */,
			);
			name = LaunchScreen.xib;
			sourceTree = "<group>";
		};
/* End PBXVariantGroup section */

/* Begin XCBuildConfiguration section */
		370DD90B1B2025B000B952A2 /* Debug */ = {
			isa = XCBuildConfiguration;
			buildSettings = {
				ALWAYS_SEARCH_USER_PATHS = NO;
				CLANG_CXX_LANGUAGE_STANDARD = "gnu++0x";
				CLANG_CXX_LIBRARY = "libc++";
				CLANG_ENABLE_MODULES = YES;
				CLANG_ENABLE_OBJC_ARC = YES;
				CLANG_WARN_BOOL_CONVERSION = YES;
				CLANG_WARN_CONSTANT_CONVERSION = YES;
				CLANG_WARN_DIRECT_OBJC_ISA_USAGE = YES_ERROR;
				CLANG_WARN_EMPTY_BODY = YES;
				CLANG_WARN_ENUM_CONVERSION = YES;
				CLANG_WARN_INT_CONVERSION = YES;
				CLANG_WARN_OBJC_ROOT_CLASS = YES_ERROR;
				CLANG_WARN_UNREACHABLE_CODE = YES;
				CLANG_WARN__DUPLICATE_METHOD_MATCH = YES;
				"CODE_SIGN_IDENTITY[sdk=iphoneos*]" = "iPhone Developer";
				COPY_PHASE_STRIP = NO;
				DEBUG_INFORMATION_FORMAT = "dwarf-with-dsym";
				ENABLE_STRICT_OBJC_MSGSEND = YES;
				GCC_C_LANGUAGE_STANDARD = gnu99;
				GCC_DYNAMIC_NO_PIC = NO;
				GCC_NO_COMMON_BLOCKS = YES;
				GCC_OPTIMIZATION_LEVEL = 0;
				GCC_PREPROCESSOR_DEFINITIONS = (
					"DEBUG=1",
					"$(inherited)",
				);
				GCC_SYMBOLS_PRIVATE_EXTERN = NO;
				GCC_WARN_64_TO_32_BIT_CONVERSION = YES;
				GCC_WARN_ABOUT_RETURN_TYPE = YES_ERROR;
				GCC_WARN_UNDECLARED_SELECTOR = YES;
				GCC_WARN_UNINITIALIZED_AUTOS = YES_AGGRESSIVE;
				GCC_WARN_UNUSED_FUNCTION = YES;
				GCC_WARN_UNUSED_VARIABLE = YES;
				IPHONEOS_DEPLOYMENT_TARGET = 8.3;
				MTL_ENABLE_DEBUG_INFO = YES;
				ONLY_ACTIVE_ARCH = YES;
				SDKROOT = iphoneos;
				SWIFT_OPTIMIZATION_LEVEL = "-Onone";
				TARGETED_DEVICE_FAMILY = "1,2";
			};
			name = Debug;
		};
		370DD90C1B2025B000B952A2 /* Release */ = {
			isa = XCBuildConfiguration;
			buildSettings = {
				ALWAYS_SEARCH_USER_PATHS = NO;
				CLANG_CXX_LANGUAGE_STANDARD = "gnu++0x";
				CLANG_CXX_LIBRARY = "libc++";
				CLANG_ENABLE_MODULES = YES;
				CLANG_ENABLE_OBJC_ARC = YES;
				CLANG_WARN_BOOL_CONVERSION = YES;
				CLANG_WARN_CONSTANT_CONVERSION = YES;
				CLANG_WARN_DIRECT_OBJC_ISA_USAGE = YES_ERROR;
				CLANG_WARN_EMPTY_BODY = YES;
				CLANG_WARN_ENUM_CONVERSION = YES;
				CLANG_WARN_INT_CONVERSION = YES;
				CLANG_WARN_OBJC_ROOT_CLASS = YES_ERROR;
				CLANG_WARN_UNREACHABLE_CODE = YES;
				CLANG_WARN__DUPLICATE_METHOD_MATCH = YES;
				"CODE_SIGN_IDENTITY[sdk=iphoneos*]" = "iPhone Developer";
				COPY_PHASE_STRIP = NO;
				DEBUG_INFORMATION_FORMAT = "dwarf-with-dsym";
				ENABLE_NS_ASSERTIONS = NO;
				ENABLE_STRICT_OBJC_MSGSEND = YES;
				GCC_C_LANGUAGE_STANDARD = gnu99;
				GCC_NO_COMMON_BLOCKS = YES;
				GCC_WARN_64_TO_32_BIT_CONVERSION = YES;
				GCC_WARN_ABOUT_RETURN_TYPE = YES_ERROR;
				GCC_WARN_UNDECLARED_SELECTOR = YES;
				GCC_WARN_UNINITIALIZED_AUTOS = YES_AGGRESSIVE;
				GCC_WARN_UNUSED_FUNCTION = YES;
				GCC_WARN_UNUSED_VARIABLE = YES;
				IPHONEOS_DEPLOYMENT_TARGET = 8.3;
				MTL_ENABLE_DEBUG_INFO = NO;
				SDKROOT = iphoneos;
				TARGETED_DEVICE_FAMILY = "1,2";
				VALIDATE_PRODUCT = YES;
			};
			name = Release;
		};
		370DD90E1B2025B000B952A2 /* Debug */ = {
			isa = XCBuildConfiguration;
			buildSettings = {
				ASSETCATALOG_COMPILER_APPICON_NAME = AppIcon;
				INFOPLIST_FILE = 99RedBallons/Info.plist;
				LD_RUNPATH_SEARCH_PATHS = "$(inherited) @executable_path/Frameworks";
				PRODUCT_NAME = "$(TARGET_NAME)";
			};
			name = Debug;
		};
		370DD90F1B2025B000B952A2 /* Release */ = {
			isa = XCBuildConfiguration;
			buildSettings = {
				ASSETCATALOG_COMPILER_APPICON_NAME = AppIcon;
				INFOPLIST_FILE = 99RedBallons/Info.plist;
				LD_RUNPATH_SEARCH_PATHS = "$(inherited) @executable_path/Frameworks";
				PRODUCT_NAME = "$(TARGET_NAME)";
			};
			name = Release;
		};
		370DD9111B2025B000B952A2 /* Debug */ = {
			isa = XCBuildConfiguration;
			buildSettings = {
				BUNDLE_LOADER = "$(TEST_HOST)";
				FRAMEWORK_SEARCH_PATHS = (
					"$(SDKROOT)/Developer/Library/Frameworks",
					"$(inherited)",
				);
				GCC_PREPROCESSOR_DEFINITIONS = (
					"DEBUG=1",
					"$(inherited)",
				);
				INFOPLIST_FILE = 99RedBallonsTests/Info.plist;
				LD_RUNPATH_SEARCH_PATHS = "$(inherited) @executable_path/Frameworks @loader_path/Frameworks";
				PRODUCT_NAME = "$(TARGET_NAME)";
				TEST_HOST = "$(BUILT_PRODUCTS_DIR)/99RedBallons.app/99RedBallons";
			};
			name = Debug;
		};
		370DD9121B2025B000B952A2 /* Release */ = {
			isa = XCBuildConfiguration;
			buildSettings = {
				BUNDLE_LOADER = "$(TEST_HOST)";
				FRAMEWORK_SEARCH_PATHS = (
					"$(SDKROOT)/Developer/Library/Frameworks",
					"$(inherited)",
				);
				INFOPLIST_FILE = 99RedBallonsTests/Info.plist;
				LD_RUNPATH_SEARCH_PATHS = "$(inherited) @executable_path/Frameworks @loader_path/Frameworks";
				PRODUCT_NAME = "$(TARGET_NAME)";
				TEST_HOST = "$(BUILT_PRODUCTS_DIR)/99RedBallons.app/99RedBallons";
			};
			name = Release;
		};
/* End XCBuildConfiguration section */

/* Begin XCConfigurationList section */
		370DD8E91B2025B000B952A2 /* Build configuration list for PBXProject "99RedBallons" */ = {
			isa = XCConfigurationList;
			buildConfigurations = (
				370DD90B1B2025B000B952A2 /* Debug */,
				370DD90C1B2025B000B952A2 /* Release */,
			);
			defaultConfigurationIsVisible = 0;
			defaultConfigurationName = Release;
		};
		370DD90D1B2025B000B952A2 /* Build configuration list for PBXNativeTarget "99RedBallons" */ = {
			isa = XCConfigurationList;
			buildConfigurations = (
				370DD90E1B2025B000B952A2 /* Debug */,
				370DD90F1B2025B000B952A2 /* Release */,
			);
			defaultConfigurationIsVisible = 0;
			defaultConfigurationName = Release;
		};
		370DD9101B2025B000B952A2 /* Build configuration list for PBXNativeTarget "99RedBallonsTests" */ = {
			isa = XCConfigurationList;
			buildConfigurations = (
				370DD9111B2025B000B952A2 /* Debug */,
				370DD9121B2025B000B952A2 /* Release */,
			);
			defaultConfigurationIsVisible = 0;
			defaultConfigurationName = Release;
		};
/* End XCConfigurationList section */
	};
	rootObject = 370DD8E61B2025B000B952A2 /* Project object */;
}
