// !$*UTF8*$!
{
	archiveVersion = 1;
	classes = {
	};
	objectVersion = 46;
	objects = {

/* Begin PBXBuildFile section */
		37B640621B13047200130AAA /* AppDelegate.swift in Sources */ = {isa = PBXBuildFile; fileRef = 37B640611B13047200130AAA /* AppDelegate.swift */; };
		37B640641B13047200130AAA /* ViewController.swift in Sources */ = {isa = PBXBuildFile; fileRef = 37B640631B13047200130AAA /* ViewController.swift */; };
		37B640671B13047200130AAA /* Main.storyboard in Resources */ = {isa = PBXBuildFile; fileRef = 37B640651B13047200130AAA /* Main.storyboard */; };
		37B640691B13047200130AAA /* Images.xcassets in Resources */ = {isa = PBXBuildFile; fileRef = 37B640681B13047200130AAA /* Images.xcassets */; };
		37B6406C1B13047200130AAA /* LaunchScreen.xib in Resources */ = {isa = PBXBuildFile; fileRef = 37B6406A1B13047200130AAA /* LaunchScreen.xib */; };
		37B640781B13047200130AAA /* ControlFlowTests.swift in Sources */ = {isa = PBXBuildFile; fileRef = 37B640771B13047200130AAA /* ControlFlowTests.swift */; };
/* End PBXBuildFile section */

/* Begin PBXContainerItemProxy section */
		37B640721B13047200130AAA /* PBXContainerItemProxy */ = {
			isa = PBXContainerItemProxy;
			containerPortal = 37B640541B13047200130AAA /* Project object */;
			proxyType = 1;
			remoteGlobalIDString = 37B6405B1B13047200130AAA;
			remoteInfo = ControlFlow;
		};
/* End PBXContainerItemProxy section */

/* Begin PBXFileReference section */
		37B6405C1B13047200130AAA /* ControlFlow.app */ = {isa = PBXFileReference; explicitFileType = wrapper.application; includeInIndex = 0; path = ControlFlow.app; sourceTree = BUILT_PRODUCTS_DIR; };
		37B640601B13047200130AAA /* Info.plist */ = {isa = PBXFileReference; lastKnownFileType = text.plist.xml; path = Info.plist; sourceTree = "<group>"; };
		37B640611B13047200130AAA /* AppDelegate.swift */ = {isa = PBXFileReference; lastKnownFileType = sourcecode.swift; path = AppDelegate.swift; sourceTree = "<group>"; };
		37B640631B13047200130AAA /* ViewController.swift */ = {isa = PBXFileReference; lastKnownFileType = sourcecode.swift; path = ViewController.swift; sourceTree = "<group>"; };
		37B640661B13047200130AAA /* Base */ = {isa = PBXFileReference; lastKnownFileType = file.storyboard; name = Base; path = Base.lproj/Main.storyboard; sourceTree = "<group>"; };
		37B640681B13047200130AAA /* Images.xcassets */ = {isa = PBXFileReference; lastKnownFileType = folder.assetcatalog; path = Images.xcassets; sourceTree = "<group>"; };
		37B6406B1B13047200130AAA /* Base */ = {isa = PBXFileReference; lastKnownFileType = file.xib; name = Base; path = Base.lproj/LaunchScreen.xib; sourceTree = "<group>"; };
		37B640711B13047200130AAA /* ControlFlowTests.xctest */ = {isa = PBXFileReference; explicitFileType = wrapper.cfbundle; includeInIndex = 0; path = ControlFlowTests.xctest; sourceTree = BUILT_PRODUCTS_DIR; };
		37B640761B13047200130AAA /* Info.plist */ = {isa = PBXFileReference; lastKnownFileType = text.plist.xml; path = Info.plist; sourceTree = "<group>"; };
		37B640771B13047200130AAA /* ControlFlowTests.swift */ = {isa = PBXFileReference; lastKnownFileType = sourcecode.swift; path = ControlFlowTests.swift; sourceTree = "<group>"; };
/* End PBXFileReference section */

/* Begin PBXFrameworksBuildPhase section */
		37B640591B13047200130AAA /* Frameworks */ = {
			isa = PBXFrameworksBuildPhase;
			buildActionMask = 2147483647;
			files = (
			);
			runOnlyForDeploymentPostprocessing = 0;
		};
		37B6406E1B13047200130AAA /* Frameworks */ = {
			isa = PBXFrameworksBuildPhase;
			buildActionMask = 2147483647;
			files = (
			);
			runOnlyForDeploymentPostprocessing = 0;
		};
/* End PBXFrameworksBuildPhase section */

/* Begin PBXGroup section */
		37B640531B13047200130AAA = {
			isa = PBXGroup;
			children = (
				37B6405E1B13047200130AAA /* ControlFlow */,
				37B640741B13047200130AAA /* ControlFlowTests */,
				37B6405D1B13047200130AAA /* Products */,
			);
			sourceTree = "<group>";
		};
		37B6405D1B13047200130AAA /* Products */ = {
			isa = PBXGroup;
			children = (
				37B6405C1B13047200130AAA /* ControlFlow.app */,
				37B640711B13047200130AAA /* ControlFlowTests.xctest */,
			);
			name = Products;
			sourceTree = "<group>";
		};
		37B6405E1B13047200130AAA /* ControlFlow */ = {
			isa = PBXGroup;
			children = (
				37B640611B13047200130AAA /* AppDelegate.swift */,
				37B640631B13047200130AAA /* ViewController.swift */,
				37B640651B13047200130AAA /* Main.storyboard */,
				37B640681B13047200130AAA /* Images.xcassets */,
				37B6406A1B13047200130AAA /* LaunchScreen.xib */,
				37B6405F1B13047200130AAA /* Supporting Files */,
			);
			path = ControlFlow;
			sourceTree = "<group>";
		};
		37B6405F1B13047200130AAA /* Supporting Files */ = {
			isa = PBXGroup;
			children = (
				37B640601B13047200130AAA /* Info.plist */,
			);
			name = "Supporting Files";
			sourceTree = "<group>";
		};
		37B640741B13047200130AAA /* ControlFlowTests */ = {
			isa = PBXGroup;
			children = (
				37B640771B13047200130AAA /* ControlFlowTests.swift */,
				37B640751B13047200130AAA /* Supporting Files */,
			);
			path = ControlFlowTests;
			sourceTree = "<group>";
		};
		37B640751B13047200130AAA /* Supporting Files */ = {
			isa = PBXGroup;
			children = (
				37B640761B13047200130AAA /* Info.plist */,
			);
			name = "Supporting Files";
			sourceTree = "<group>";
		};
/* End PBXGroup section */

/* Begin PBXNativeTarget section */
		37B6405B1B13047200130AAA /* ControlFlow */ = {
			isa = PBXNativeTarget;
			buildConfigurationList = 37B6407B1B13047200130AAA /* Build configuration list for PBXNativeTarget "ControlFlow" */;
			buildPhases = (
				37B640581B13047200130AAA /* Sources */,
				37B640591B13047200130AAA /* Frameworks */,
				37B6405A1B13047200130AAA /* Resources */,
			);
			buildRules = (
			);
			dependencies = (
			);
			name = ControlFlow;
			productName = ControlFlow;
			productReference = 37B6405C1B13047200130AAA /* ControlFlow.app */;
			productType = "com.apple.product-type.application";
		};
		37B640701B13047200130AAA /* ControlFlowTests */ = {
			isa = PBXNativeTarget;
			buildConfigurationList = 37B6407E1B13047200130AAA /* Build configuration list for PBXNativeTarget "ControlFlowTests" */;
			buildPhases = (
				37B6406D1B13047200130AAA /* Sources */,
				37B6406E1B13047200130AAA /* Frameworks */,
				37B6406F1B13047200130AAA /* Resources */,
			);
			buildRules = (
			);
			dependencies = (
				37B640731B13047200130AAA /* PBXTargetDependency */,
			);
			name = ControlFlowTests;
			productName = ControlFlowTests;
			productReference = 37B640711B13047200130AAA /* ControlFlowTests.xctest */;
			productType = "com.apple.product-type.bundle.unit-test";
		};
/* End PBXNativeTarget section */

/* Begin PBXProject section */
		37B640541B13047200130AAA /* Project object */ = {
			isa = PBXProject;
			attributes = {
				LastUpgradeCheck = 0630;
				ORGANIZATIONNAME = "Dan Bender";
				TargetAttributes = {
					37B6405B1B13047200130AAA = {
						CreatedOnToolsVersion = 6.3.2;
					};
					37B640701B13047200130AAA = {
						CreatedOnToolsVersion = 6.3.2;
						TestTargetID = 37B6405B1B13047200130AAA;
					};
				};
			};
			buildConfigurationList = 37B640571B13047200130AAA /* Build configuration list for PBXProject "ControlFlow" */;
			compatibilityVersion = "Xcode 3.2";
			developmentRegion = English;
			hasScannedForEncodings = 0;
			knownRegions = (
				en,
				Base,
			);
			mainGroup = 37B640531B13047200130AAA;
			productRefGroup = 37B6405D1B13047200130AAA /* Products */;
			projectDirPath = "";
			projectRoot = "";
			targets = (
				37B6405B1B13047200130AAA /* ControlFlow */,
				37B640701B13047200130AAA /* ControlFlowTests */,
			);
		};
/* End PBXProject section */

/* Begin PBXResourcesBuildPhase section */
		37B6405A1B13047200130AAA /* Resources */ = {
			isa = PBXResourcesBuildPhase;
			buildActionMask = 2147483647;
			files = (
				37B640671B13047200130AAA /* Main.storyboard in Resources */,
				37B6406C1B13047200130AAA /* LaunchScreen.xib in Resources */,
				37B640691B13047200130AAA /* Images.xcassets in Resources */,
			);
			runOnlyForDeploymentPostprocessing = 0;
		};
		37B6406F1B13047200130AAA /* Resources */ = {
			isa = PBXResourcesBuildPhase;
			buildActionMask = 2147483647;
			files = (
			);
			runOnlyForDeploymentPostprocessing = 0;
		};
/* End PBXResourcesBuildPhase section */

/* Begin PBXSourcesBuildPhase section */
		37B640581B13047200130AAA /* Sources */ = {
			isa = PBXSourcesBuildPhase;
			buildActionMask = 2147483647;
			files = (
				37B640641B13047200130AAA /* ViewController.swift in Sources */,
				37B640621B13047200130AAA /* AppDelegate.swift in Sources */,
			);
			runOnlyForDeploymentPostprocessing = 0;
		};
		37B6406D1B13047200130AAA /* Sources */ = {
			isa = PBXSourcesBuildPhase;
			buildActionMask = 2147483647;
			files = (
				37B640781B13047200130AAA /* ControlFlowTests.swift in Sources */,
			);
			runOnlyForDeploymentPostprocessing = 0;
		};
/* End PBXSourcesBuildPhase section */

/* Begin PBXTargetDependency section */
		37B640731B13047200130AAA /* PBXTargetDependency */ = {
			isa = PBXTargetDependency;
			target = 37B6405B1B13047200130AAA /* ControlFlow */;
			targetProxy = 37B640721B13047200130AAA /* PBXContainerItemProxy */;
		};
/* End PBXTargetDependency section */

/* Begin PBXVariantGroup section */
		37B640651B13047200130AAA /* Main.storyboard */ = {
			isa = PBXVariantGroup;
			children = (
				37B640661B13047200130AAA /* Base */,
			);
			name = Main.storyboard;
			sourceTree = "<group>";
		};
		37B6406A1B13047200130AAA /* LaunchScreen.xib */ = {
			isa = PBXVariantGroup;
			children = (
				37B6406B1B13047200130AAA /* Base */,
			);
			name = LaunchScreen.xib;
			sourceTree = "<group>";
		};
/* End PBXVariantGroup section */

/* Begin XCBuildConfiguration section */
		37B640791B13047200130AAA /* Debug */ = {
			isa = XCBuildConfiguration;
			buildSettings = {
				ALWAYS_SEARCH_USER_PATHS = NO;
				CLANG_CXX_LANGUAGE_STANDARD = "gnu++0x";
				CLANG_CXX_LIBRARY = "libc++";
				CLANG_ENABLE_MODULES = YES;
				CLANG_ENABLE_OBJC_ARC = YES;
				CLANG_WARN_BOOL_CONVERSION = YES;
				CLANG_WARN_CONSTANT_CONVERSION = YES;
				CLANG_WARN_DIRECT_OBJC_ISA_USAGE = YES_ERROR;
				CLANG_WARN_EMPTY_BODY = YES;
				CLANG_WARN_ENUM_CONVERSION = YES;
				CLANG_WARN_INT_CONVERSION = YES;
				CLANG_WARN_OBJC_ROOT_CLASS = YES_ERROR;
				CLANG_WARN_UNREACHABLE_CODE = YES;
				CLANG_WARN__DUPLICATE_METHOD_MATCH = YES;
				"CODE_SIGN_IDENTITY[sdk=iphoneos*]" = "iPhone Developer";
				COPY_PHASE_STRIP = NO;
				DEBUG_INFORMATION_FORMAT = "dwarf-with-dsym";
				ENABLE_STRICT_OBJC_MSGSEND = YES;
				GCC_C_LANGUAGE_STANDARD = gnu99;
				GCC_DYNAMIC_NO_PIC = NO;
				GCC_NO_COMMON_BLOCKS = YES;
				GCC_OPTIMIZATION_LEVEL = 0;
				GCC_PREPROCESSOR_DEFINITIONS = (
					"DEBUG=1",
					"$(inherited)",
				);
				GCC_SYMBOLS_PRIVATE_EXTERN = NO;
				GCC_WARN_64_TO_32_BIT_CONVERSION = YES;
				GCC_WARN_ABOUT_RETURN_TYPE = YES_ERROR;
				GCC_WARN_UNDECLARED_SELECTOR = YES;
				GCC_WARN_UNINITIALIZED_AUTOS = YES_AGGRESSIVE;
				GCC_WARN_UNUSED_FUNCTION = YES;
				GCC_WARN_UNUSED_VARIABLE = YES;
				IPHONEOS_DEPLOYMENT_TARGET = 8.3;
				MTL_ENABLE_DEBUG_INFO = YES;
				ONLY_ACTIVE_ARCH = YES;
				SDKROOT = iphoneos;
				SWIFT_OPTIMIZATION_LEVEL = "-Onone";
				TARGETED_DEVICE_FAMILY = "1,2";
			};
			name = Debug;
		};
		37B6407A1B13047200130AAA /* Release */ = {
			isa = XCBuildConfiguration;
			buildSettings = {
				ALWAYS_SEARCH_USER_PATHS = NO;
				CLANG_CXX_LANGUAGE_STANDARD = "gnu++0x";
				CLANG_CXX_LIBRARY = "libc++";
				CLANG_ENABLE_MODULES = YES;
				CLANG_ENABLE_OBJC_ARC = YES;
				CLANG_WARN_BOOL_CONVERSION = YES;
				CLANG_WARN_CONSTANT_CONVERSION = YES;
				CLANG_WARN_DIRECT_OBJC_ISA_USAGE = YES_ERROR;
				CLANG_WARN_EMPTY_BODY = YES;
				CLANG_WARN_ENUM_CONVERSION = YES;
				CLANG_WARN_INT_CONVERSION = YES;
				CLANG_WARN_OBJC_ROOT_CLASS = YES_ERROR;
				CLANG_WARN_UNREACHABLE_CODE = YES;
				CLANG_WARN__DUPLICATE_METHOD_MATCH = YES;
				"CODE_SIGN_IDENTITY[sdk=iphoneos*]" = "iPhone Developer";
				COPY_PHASE_STRIP = NO;
				DEBUG_INFORMATION_FORMAT = "dwarf-with-dsym";
				ENABLE_NS_ASSERTIONS = NO;
				ENABLE_STRICT_OBJC_MSGSEND = YES;
				GCC_C_LANGUAGE_STANDARD = gnu99;
				GCC_NO_COMMON_BLOCKS = YES;
				GCC_WARN_64_TO_32_BIT_CONVERSION = YES;
				GCC_WARN_ABOUT_RETURN_TYPE = YES_ERROR;
				GCC_WARN_UNDECLARED_SELECTOR = YES;
				GCC_WARN_UNINITIALIZED_AUTOS = YES_AGGRESSIVE;
				GCC_WARN_UNUSED_FUNCTION = YES;
				GCC_WARN_UNUSED_VARIABLE = YES;
				IPHONEOS_DEPLOYMENT_TARGET = 8.3;
				MTL_ENABLE_DEBUG_INFO = NO;
				SDKROOT = iphoneos;
				TARGETED_DEVICE_FAMILY = "1,2";
				VALIDATE_PRODUCT = YES;
			};
			name = Release;
		};
		37B6407C1B13047200130AAA /* Debug */ = {
			isa = XCBuildConfiguration;
			buildSettings = {
				ASSETCATALOG_COMPILER_APPICON_NAME = AppIcon;
				INFOPLIST_FILE = ControlFlow/Info.plist;
				LD_RUNPATH_SEARCH_PATHS = "$(inherited) @executable_path/Frameworks";
				PRODUCT_NAME = "$(TARGET_NAME)";
			};
			name = Debug;
		};
		37B6407D1B13047200130AAA /* Release */ = {
			isa = XCBuildConfiguration;
			buildSettings = {
				ASSETCATALOG_COMPILER_APPICON_NAME = AppIcon;
				INFOPLIST_FILE = ControlFlow/Info.plist;
				LD_RUNPATH_SEARCH_PATHS = "$(inherited) @executable_path/Frameworks";
				PRODUCT_NAME = "$(TARGET_NAME)";
			};
			name = Release;
		};
		37B6407F1B13047200130AAA /* Debug */ = {
			isa = XCBuildConfiguration;
			buildSettings = {
				BUNDLE_LOADER = "$(TEST_HOST)";
				FRAMEWORK_SEARCH_PATHS = (
					"$(SDKROOT)/Developer/Library/Frameworks",
					"$(inherited)",
				);
				GCC_PREPROCESSOR_DEFINITIONS = (
					"DEBUG=1",
					"$(inherited)",
				);
				INFOPLIST_FILE = ControlFlowTests/Info.plist;
				LD_RUNPATH_SEARCH_PATHS = "$(inherited) @executable_path/Frameworks @loader_path/Frameworks";
				PRODUCT_NAME = "$(TARGET_NAME)";
				TEST_HOST = "$(BUILT_PRODUCTS_DIR)/ControlFlow.app/ControlFlow";
			};
			name = Debug;
		};
		37B640801B13047200130AAA /* Release */ = {
			isa = XCBuildConfiguration;
			buildSettings = {
				BUNDLE_LOADER = "$(TEST_HOST)";
				FRAMEWORK_SEARCH_PATHS = (
					"$(SDKROOT)/Developer/Library/Frameworks",
					"$(inherited)",
				);
				INFOPLIST_FILE = ControlFlowTests/Info.plist;
				LD_RUNPATH_SEARCH_PATHS = "$(inherited) @executable_path/Frameworks @loader_path/Frameworks";
				PRODUCT_NAME = "$(TARGET_NAME)";
				TEST_HOST = "$(BUILT_PRODUCTS_DIR)/ControlFlow.app/ControlFlow";
			};
			name = Release;
		};
/* End XCBuildConfiguration section */

/* Begin XCConfigurationList section */
		37B640571B13047200130AAA /* Build configuration list for PBXProject "ControlFlow" */ = {
			isa = XCConfigurationList;
			buildConfigurations = (
				37B640791B13047200130AAA /* Debug */,
				37B6407A1B13047200130AAA /* Release */,
			);
			defaultConfigurationIsVisible = 0;
			defaultConfigurationName = Release;
		};
		37B6407B1B13047200130AAA /* Build configuration list for PBXNativeTarget "ControlFlow" */ = {
			isa = XCConfigurationList;
			buildConfigurations = (
				37B6407C1B13047200130AAA /* Debug */,
				37B6407D1B13047200130AAA /* Release */,
			);
			defaultConfigurationIsVisible = 0;
		};
		37B6407E1B13047200130AAA /* Build configuration list for PBXNativeTarget "ControlFlowTests" */ = {
			isa = XCConfigurationList;
			buildConfigurations = (
				37B6407F1B13047200130AAA /* Debug */,
				37B640801B13047200130AAA /* Release */,
			);
			defaultConfigurationIsVisible = 0;
		};
/* End XCConfigurationList section */
	};
	rootObject = 37B640541B13047200130AAA /* Project object */;
}
