// !$*UTF8*$!
{
	archiveVersion = 1;
	classes = {
	};
	objectVersion = 46;
	objects = {

/* Begin PBXBuildFile section */
		370B52E31B2A971400EEEE6A /* AppDelegate.swift in Sources */ = {isa = PBXBuildFile; fileRef = 370B52E21B2A971400EEEE6A /* AppDelegate.swift */; };
		370B52E51B2A971400EEEE6A /* ViewController.swift in Sources */ = {isa = PBXBuildFile; fileRef = 370B52E41B2A971400EEEE6A /* ViewController.swift */; };
		370B52E81B2A971400EEEE6A /* Main.storyboard in Resources */ = {isa = PBXBuildFile; fileRef = 370B52E61B2A971400EEEE6A /* Main.storyboard */; };
		370B52EA1B2A971400EEEE6A /* Images.xcassets in Resources */ = {isa = PBXBuildFile; fileRef = 370B52E91B2A971400EEEE6A /* Images.xcassets */; };
		370B52ED1B2A971400EEEE6A /* LaunchScreen.xib in Resources */ = {isa = PBXBuildFile; fileRef = 370B52EB1B2A971400EEEE6A /* LaunchScreen.xib */; };
		370B52F91B2A971400EEEE6A /* SlotMachineTests.swift in Sources */ = {isa = PBXBuildFile; fileRef = 370B52F81B2A971400EEEE6A /* SlotMachineTests.swift */; };
		374A39D01B3917DA002AF1D7 /* Slot.swift in Sources */ = {isa = PBXBuildFile; fileRef = 374A39CF1B3917DA002AF1D7 /* Slot.swift */; };
		374A39D21B39195B002AF1D7 /* Factory.swift in Sources */ = {isa = PBXBuildFile; fileRef = 374A39D11B39195B002AF1D7 /* Factory.swift */; };
/* End PBXBuildFile section */

/* Begin PBXContainerItemProxy section */
		370B52F31B2A971400EEEE6A /* PBXContainerItemProxy */ = {
			isa = PBXContainerItemProxy;
			containerPortal = 370B52D51B2A971400EEEE6A /* Project object */;
			proxyType = 1;
			remoteGlobalIDString = 370B52DC1B2A971400EEEE6A;
			remoteInfo = SlotMachine;
		};
/* End PBXContainerItemProxy section */

/* Begin PBXFileReference section */
		370B52DD1B2A971400EEEE6A /* SlotMachine.app */ = {isa = PBXFileReference; explicitFileType = wrapper.application; includeInIndex = 0; path = SlotMachine.app; sourceTree = BUILT_PRODUCTS_DIR; };
		370B52E11B2A971400EEEE6A /* Info.plist */ = {isa = PBXFileReference; lastKnownFileType = text.plist.xml; path = Info.plist; sourceTree = "<group>"; };
		370B52E21B2A971400EEEE6A /* AppDelegate.swift */ = {isa = PBXFileReference; lastKnownFileType = sourcecode.swift; path = AppDelegate.swift; sourceTree = "<group>"; };
		370B52E41B2A971400EEEE6A /* ViewController.swift */ = {isa = PBXFileReference; lastKnownFileType = sourcecode.swift; path = ViewController.swift; sourceTree = "<group>"; };
		370B52E71B2A971400EEEE6A /* Base */ = {isa = PBXFileReference; lastKnownFileType = file.storyboard; name = Base; path = Base.lproj/Main.storyboard; sourceTree = "<group>"; };
		370B52E91B2A971400EEEE6A /* Images.xcassets */ = {isa = PBXFileReference; lastKnownFileType = folder.assetcatalog; path = Images.xcassets; sourceTree = "<group>"; };
		370B52EC1B2A971400EEEE6A /* Base */ = {isa = PBXFileReference; lastKnownFileType = file.xib; name = Base; path = Base.lproj/LaunchScreen.xib; sourceTree = "<group>"; };
		370B52F21B2A971400EEEE6A /* SlotMachineTests.xctest */ = {isa = PBXFileReference; explicitFileType = wrapper.cfbundle; includeInIndex = 0; path = SlotMachineTests.xctest; sourceTree = BUILT_PRODUCTS_DIR; };
		370B52F71B2A971400EEEE6A /* Info.plist */ = {isa = PBXFileReference; lastKnownFileType = text.plist.xml; path = Info.plist; sourceTree = "<group>"; };
		370B52F81B2A971400EEEE6A /* SlotMachineTests.swift */ = {isa = PBXFileReference; lastKnownFileType = sourcecode.swift; path = SlotMachineTests.swift; sourceTree = "<group>"; };
		374A39CF1B3917DA002AF1D7 /* Slot.swift */ = {isa = PBXFileReference; fileEncoding = 4; lastKnownFileType = sourcecode.swift; path = Slot.swift; sourceTree = "<group>"; };
		374A39D11B39195B002AF1D7 /* Factory.swift */ = {isa = PBXFileReference; fileEncoding = 4; lastKnownFileType = sourcecode.swift; path = Factory.swift; sourceTree = "<group>"; };
/* End PBXFileReference section */

/* Begin PBXFrameworksBuildPhase section */
		370B52DA1B2A971400EEEE6A /* Frameworks */ = {
			isa = PBXFrameworksBuildPhase;
			buildActionMask = 2147483647;
			files = (
			);
			runOnlyForDeploymentPostprocessing = 0;
		};
		370B52EF1B2A971400EEEE6A /* Frameworks */ = {
			isa = PBXFrameworksBuildPhase;
			buildActionMask = 2147483647;
			files = (
			);
			runOnlyForDeploymentPostprocessing = 0;
		};
/* End PBXFrameworksBuildPhase section */

/* Begin PBXGroup section */
		370B52D41B2A971400EEEE6A = {
			isa = PBXGroup;
			children = (
				370B52DF1B2A971400EEEE6A /* SlotMachine */,
				370B52F51B2A971400EEEE6A /* SlotMachineTests */,
				370B52DE1B2A971400EEEE6A /* Products */,
			);
			sourceTree = "<group>";
		};
		370B52DE1B2A971400EEEE6A /* Products */ = {
			isa = PBXGroup;
			children = (
				370B52DD1B2A971400EEEE6A /* SlotMachine.app */,
				370B52F21B2A971400EEEE6A /* SlotMachineTests.xctest */,
			);
			name = Products;
			sourceTree = "<group>";
		};
		370B52DF1B2A971400EEEE6A /* SlotMachine */ = {
			isa = PBXGroup;
			children = (
				370B52E21B2A971400EEEE6A /* AppDelegate.swift */,
				370B52E41B2A971400EEEE6A /* ViewController.swift */,
				374A39CF1B3917DA002AF1D7 /* Slot.swift */,
				370B52E61B2A971400EEEE6A /* Main.storyboard */,
				370B52E91B2A971400EEEE6A /* Images.xcassets */,
				374A39D11B39195B002AF1D7 /* Factory.swift */,
				370B52EB1B2A971400EEEE6A /* LaunchScreen.xib */,
				370B52E01B2A971400EEEE6A /* Supporting Files */,
			);
			path = SlotMachine;
			sourceTree = "<group>";
		};
		370B52E01B2A971400EEEE6A /* Supporting Files */ = {
			isa = PBXGroup;
			children = (
				370B52E11B2A971400EEEE6A /* Info.plist */,
			);
			name = "Supporting Files";
			sourceTree = "<group>";
		};
		370B52F51B2A971400EEEE6A /* SlotMachineTests */ = {
			isa = PBXGroup;
			children = (
				370B52F81B2A971400EEEE6A /* SlotMachineTests.swift */,
				370B52F61B2A971400EEEE6A /* Supporting Files */,
			);
			path = SlotMachineTests;
			sourceTree = "<group>";
		};
		370B52F61B2A971400EEEE6A /* Supporting Files */ = {
			isa = PBXGroup;
			children = (
				370B52F71B2A971400EEEE6A /* Info.plist */,
			);
			name = "Supporting Files";
			sourceTree = "<group>";
		};
/* End PBXGroup section */

/* Begin PBXNativeTarget section */
		370B52DC1B2A971400EEEE6A /* SlotMachine */ = {
			isa = PBXNativeTarget;
			buildConfigurationList = 370B52FC1B2A971400EEEE6A /* Build configuration list for PBXNativeTarget "SlotMachine" */;
			buildPhases = (
				370B52D91B2A971400EEEE6A /* Sources */,
				370B52DA1B2A971400EEEE6A /* Frameworks */,
				370B52DB1B2A971400EEEE6A /* Resources */,
			);
			buildRules = (
			);
			dependencies = (
			);
			name = SlotMachine;
			productName = SlotMachine;
			productReference = 370B52DD1B2A971400EEEE6A /* SlotMachine.app */;
			productType = "com.apple.product-type.application";
		};
		370B52F11B2A971400EEEE6A /* SlotMachineTests */ = {
			isa = PBXNativeTarget;
			buildConfigurationList = 370B52FF1B2A971400EEEE6A /* Build configuration list for PBXNativeTarget "SlotMachineTests" */;
			buildPhases = (
				370B52EE1B2A971400EEEE6A /* Sources */,
				370B52EF1B2A971400EEEE6A /* Frameworks */,
				370B52F01B2A971400EEEE6A /* Resources */,
			);
			buildRules = (
			);
			dependencies = (
				370B52F41B2A971400EEEE6A /* PBXTargetDependency */,
			);
			name = SlotMachineTests;
			productName = SlotMachineTests;
			productReference = 370B52F21B2A971400EEEE6A /* SlotMachineTests.xctest */;
			productType = "com.apple.product-type.bundle.unit-test";
		};
/* End PBXNativeTarget section */

/* Begin PBXProject section */
		370B52D51B2A971400EEEE6A /* Project object */ = {
			isa = PBXProject;
			attributes = {
				LastUpgradeCheck = 0630;
				ORGANIZATIONNAME = "Dan Bender";
				TargetAttributes = {
					370B52DC1B2A971400EEEE6A = {
						CreatedOnToolsVersion = 6.3.2;
					};
					370B52F11B2A971400EEEE6A = {
						CreatedOnToolsVersion = 6.3.2;
						TestTargetID = 370B52DC1B2A971400EEEE6A;
					};
				};
			};
			buildConfigurationList = 370B52D81B2A971400EEEE6A /* Build configuration list for PBXProject "SlotMachine" */;
			compatibilityVersion = "Xcode 3.2";
			developmentRegion = English;
			hasScannedForEncodings = 0;
			knownRegions = (
				en,
				Base,
			);
			mainGroup = 370B52D41B2A971400EEEE6A;
			productRefGroup = 370B52DE1B2A971400EEEE6A /* Products */;
			projectDirPath = "";
			projectRoot = "";
			targets = (
				370B52DC1B2A971400EEEE6A /* SlotMachine */,
				370B52F11B2A971400EEEE6A /* SlotMachineTests */,
			);
		};
/* End PBXProject section */

/* Begin PBXResourcesBuildPhase section */
		370B52DB1B2A971400EEEE6A /* Resources */ = {
			isa = PBXResourcesBuildPhase;
			buildActionMask = 2147483647;
			files = (
				370B52E81B2A971400EEEE6A /* Main.storyboard in Resources */,
				370B52ED1B2A971400EEEE6A /* LaunchScreen.xib in Resources */,
				370B52EA1B2A971400EEEE6A /* Images.xcassets in Resources */,
			);
			runOnlyForDeploymentPostprocessing = 0;
		};
		370B52F01B2A971400EEEE6A /* Resources */ = {
			isa = PBXResourcesBuildPhase;
			buildActionMask = 2147483647;
			files = (
			);
			runOnlyForDeploymentPostprocessing = 0;
		};
/* End PBXResourcesBuildPhase section */

/* Begin PBXSourcesBuildPhase section */
		370B52D91B2A971400EEEE6A /* Sources */ = {
			isa = PBXSourcesBuildPhase;
			buildActionMask = 2147483647;
			files = (
				374A39D21B39195B002AF1D7 /* Factory.swift in Sources */,
				370B52E51B2A971400EEEE6A /* ViewController.swift in Sources */,
				374A39D01B3917DA002AF1D7 /* Slot.swift in Sources */,
				370B52E31B2A971400EEEE6A /* AppDelegate.swift in Sources */,
			);
			runOnlyForDeploymentPostprocessing = 0;
		};
		370B52EE1B2A971400EEEE6A /* Sources */ = {
			isa = PBXSourcesBuildPhase;
			buildActionMask = 2147483647;
			files = (
				370B52F91B2A971400EEEE6A /* SlotMachineTests.swift in Sources */,
			);
			runOnlyForDeploymentPostprocessing = 0;
		};
/* End PBXSourcesBuildPhase section */

/* Begin PBXTargetDependency section */
		370B52F41B2A971400EEEE6A /* PBXTargetDependency */ = {
			isa = PBXTargetDependency;
			target = 370B52DC1B2A971400EEEE6A /* SlotMachine */;
			targetProxy = 370B52F31B2A971400EEEE6A /* PBXContainerItemProxy */;
		};
/* End PBXTargetDependency section */

/* Begin PBXVariantGroup section */
		370B52E61B2A971400EEEE6A /* Main.storyboard */ = {
			isa = PBXVariantGroup;
			children = (
				370B52E71B2A971400EEEE6A /* Base */,
			);
			name = Main.storyboard;
			sourceTree = "<group>";
		};
		370B52EB1B2A971400EEEE6A /* LaunchScreen.xib */ = {
			isa = PBXVariantGroup;
			children = (
				370B52EC1B2A971400EEEE6A /* Base */,
			);
			name = LaunchScreen.xib;
			sourceTree = "<group>";
		};
/* End PBXVariantGroup section */

/* Begin XCBuildConfiguration section */
		370B52FA1B2A971400EEEE6A /* Debug */ = {
			isa = XCBuildConfiguration;
			buildSettings = {
				ALWAYS_SEARCH_USER_PATHS = NO;
				CLANG_CXX_LANGUAGE_STANDARD = "gnu++0x";
				CLANG_CXX_LIBRARY = "libc++";
				CLANG_ENABLE_MODULES = YES;
				CLANG_ENABLE_OBJC_ARC = YES;
				CLANG_WARN_BOOL_CONVERSION = YES;
				CLANG_WARN_CONSTANT_CONVERSION = YES;
				CLANG_WARN_DIRECT_OBJC_ISA_USAGE = YES_ERROR;
				CLANG_WARN_EMPTY_BODY = YES;
				CLANG_WARN_ENUM_CONVERSION = YES;
				CLANG_WARN_INT_CONVERSION = YES;
				CLANG_WARN_OBJC_ROOT_CLASS = YES_ERROR;
				CLANG_WARN_UNREACHABLE_CODE = YES;
				CLANG_WARN__DUPLICATE_METHOD_MATCH = YES;
				"CODE_SIGN_IDENTITY[sdk=iphoneos*]" = "iPhone Developer";
				COPY_PHASE_STRIP = NO;
				DEBUG_INFORMATION_FORMAT = "dwarf-with-dsym";
				ENABLE_STRICT_OBJC_MSGSEND = YES;
				GCC_C_LANGUAGE_STANDARD = gnu99;
				GCC_DYNAMIC_NO_PIC = NO;
				GCC_NO_COMMON_BLOCKS = YES;
				GCC_OPTIMIZATION_LEVEL = 0;
				GCC_PREPROCESSOR_DEFINITIONS = (
					"DEBUG=1",
					"$(inherited)",
				);
				GCC_SYMBOLS_PRIVATE_EXTERN = NO;
				GCC_WARN_64_TO_32_BIT_CONVERSION = YES;
				GCC_WARN_ABOUT_RETURN_TYPE = YES_ERROR;
				GCC_WARN_UNDECLARED_SELECTOR = YES;
				GCC_WARN_UNINITIALIZED_AUTOS = YES_AGGRESSIVE;
				GCC_WARN_UNUSED_FUNCTION = YES;
				GCC_WARN_UNUSED_VARIABLE = YES;
				IPHONEOS_DEPLOYMENT_TARGET = 8.3;
				MTL_ENABLE_DEBUG_INFO = YES;
				ONLY_ACTIVE_ARCH = YES;
				SDKROOT = iphoneos;
				SWIFT_OPTIMIZATION_LEVEL = "-Onone";
				TARGETED_DEVICE_FAMILY = "1,2";
			};
			name = Debug;
		};
		370B52FB1B2A971400EEEE6A /* Release */ = {
			isa = XCBuildConfiguration;
			buildSettings = {
				ALWAYS_SEARCH_USER_PATHS = NO;
				CLANG_CXX_LANGUAGE_STANDARD = "gnu++0x";
				CLANG_CXX_LIBRARY = "libc++";
				CLANG_ENABLE_MODULES = YES;
				CLANG_ENABLE_OBJC_ARC = YES;
				CLANG_WARN_BOOL_CONVERSION = YES;
				CLANG_WARN_CONSTANT_CONVERSION = YES;
				CLANG_WARN_DIRECT_OBJC_ISA_USAGE = YES_ERROR;
				CLANG_WARN_EMPTY_BODY = YES;
				CLANG_WARN_ENUM_CONVERSION = YES;
				CLANG_WARN_INT_CONVERSION = YES;
				CLANG_WARN_OBJC_ROOT_CLASS = YES_ERROR;
				CLANG_WARN_UNREACHABLE_CODE = YES;
				CLANG_WARN__DUPLICATE_METHOD_MATCH = YES;
				"CODE_SIGN_IDENTITY[sdk=iphoneos*]" = "iPhone Developer";
				COPY_PHASE_STRIP = NO;
				DEBUG_INFORMATION_FORMAT = "dwarf-with-dsym";
				ENABLE_NS_ASSERTIONS = NO;
				ENABLE_STRICT_OBJC_MSGSEND = YES;
				GCC_C_LANGUAGE_STANDARD = gnu99;
				GCC_NO_COMMON_BLOCKS = YES;
				GCC_WARN_64_TO_32_BIT_CONVERSION = YES;
				GCC_WARN_ABOUT_RETURN_TYPE = YES_ERROR;
				GCC_WARN_UNDECLARED_SELECTOR = YES;
				GCC_WARN_UNINITIALIZED_AUTOS = YES_AGGRESSIVE;
				GCC_WARN_UNUSED_FUNCTION = YES;
				GCC_WARN_UNUSED_VARIABLE = YES;
				IPHONEOS_DEPLOYMENT_TARGET = 8.3;
				MTL_ENABLE_DEBUG_INFO = NO;
				SDKROOT = iphoneos;
				TARGETED_DEVICE_FAMILY = "1,2";
				VALIDATE_PRODUCT = YES;
			};
			name = Release;
		};
		370B52FD1B2A971400EEEE6A /* Debug */ = {
			isa = XCBuildConfiguration;
			buildSettings = {
				ASSETCATALOG_COMPILER_APPICON_NAME = AppIcon;
				INFOPLIST_FILE = SlotMachine/Info.plist;
				LD_RUNPATH_SEARCH_PATHS = "$(inherited) @executable_path/Frameworks";
				PRODUCT_NAME = "$(TARGET_NAME)";
			};
			name = Debug;
		};
		370B52FE1B2A971400EEEE6A /* Release */ = {
			isa = XCBuildConfiguration;
			buildSettings = {
				ASSETCATALOG_COMPILER_APPICON_NAME = AppIcon;
				INFOPLIST_FILE = SlotMachine/Info.plist;
				LD_RUNPATH_SEARCH_PATHS = "$(inherited) @executable_path/Frameworks";
				PRODUCT_NAME = "$(TARGET_NAME)";
			};
			name = Release;
		};
		370B53001B2A971400EEEE6A /* Debug */ = {
			isa = XCBuildConfiguration;
			buildSettings = {
				BUNDLE_LOADER = "$(TEST_HOST)";
				FRAMEWORK_SEARCH_PATHS = (
					"$(SDKROOT)/Developer/Library/Frameworks",
					"$(inherited)",
				);
				GCC_PREPROCESSOR_DEFINITIONS = (
					"DEBUG=1",
					"$(inherited)",
				);
				INFOPLIST_FILE = SlotMachineTests/Info.plist;
				LD_RUNPATH_SEARCH_PATHS = "$(inherited) @executable_path/Frameworks @loader_path/Frameworks";
				PRODUCT_NAME = "$(TARGET_NAME)";
				TEST_HOST = "$(BUILT_PRODUCTS_DIR)/SlotMachine.app/SlotMachine";
			};
			name = Debug;
		};
		370B53011B2A971400EEEE6A /* Release */ = {
			isa = XCBuildConfiguration;
			buildSettings = {
				BUNDLE_LOADER = "$(TEST_HOST)";
				FRAMEWORK_SEARCH_PATHS = (
					"$(SDKROOT)/Developer/Library/Frameworks",
					"$(inherited)",
				);
				INFOPLIST_FILE = SlotMachineTests/Info.plist;
				LD_RUNPATH_SEARCH_PATHS = "$(inherited) @executable_path/Frameworks @loader_path/Frameworks";
				PRODUCT_NAME = "$(TARGET_NAME)";
				TEST_HOST = "$(BUILT_PRODUCTS_DIR)/SlotMachine.app/SlotMachine";
			};
			name = Release;
		};
/* End XCBuildConfiguration section */

/* Begin XCConfigurationList section */
		370B52D81B2A971400EEEE6A /* Build configuration list for PBXProject "SlotMachine" */ = {
			isa = XCConfigurationList;
			buildConfigurations = (
				370B52FA1B2A971400EEEE6A /* Debug */,
				370B52FB1B2A971400EEEE6A /* Release */,
			);
			defaultConfigurationIsVisible = 0;
			defaultConfigurationName = Release;
		};
		370B52FC1B2A971400EEEE6A /* Build configuration list for PBXNativeTarget "SlotMachine" */ = {
			isa = XCConfigurationList;
			buildConfigurations = (
				370B52FD1B2A971400EEEE6A /* Debug */,
				370B52FE1B2A971400EEEE6A /* Release */,
			);
			defaultConfigurationIsVisible = 0;
			defaultConfigurationName = Release;
		};
		370B52FF1B2A971400EEEE6A /* Build configuration list for PBXNativeTarget "SlotMachineTests" */ = {
			isa = XCConfigurationList;
			buildConfigurations = (
				370B53001B2A971400EEEE6A /* Debug */,
				370B53011B2A971400EEEE6A /* Release */,
			);
			defaultConfigurationIsVisible = 0;
			defaultConfigurationName = Release;
		};
/* End XCConfigurationList section */
	};
	rootObject = 370B52D51B2A971400EEEE6A /* Project object */;
}
